
Microsoft Visual Studio Solution File, Format Version 11.00
# Visual Studio 2010
Project("{FAE04EC0-301F-11D3-BF4B-00C04F79EFBC}") = "Assembly-CSharp-firstpass", "Assembly-CSharp-firstpass.csproj", "{69f4d5e2-421d-9c64-bc72-71412ef63e16}"
EndProject
Project("{FAE04EC0-301F-11D3-BF4B-00C04F79EFBC}") = "Assembly-CSharp", "Assembly-CSharp.csproj", "{801721e9-6f31-fc7d-939e-0108db6be327}"
EndProject
Global
	GlobalSection(SolutionConfigurationPlatforms) = preSolution
		Debug|Any CPU = Debug|Any CPU
		Release|Any CPU = Release|Any CPU
	EndGlobalSection
	GlobalSection(ProjectConfigurationPlatforms) = postSolution
		{69f4d5e2-421d-9c64-bc72-71412ef63e16}.Debug|Any CPU.ActiveCfg = Debug|Any CPU
		{69f4d5e2-421d-9c64-bc72-71412ef63e16}.Debug|Any CPU.Build.0 = Debug|Any CPU
		{69f4d5e2-421d-9c64-bc72-71412ef63e16}.Release|Any CPU.ActiveCfg = Release|Any CPU
		{69f4d5e2-421d-9c64-bc72-71412ef63e16}.Release|Any CPU.Build.0 = Release|Any CPU
		{801721e9-6f31-fc7d-939e-0108db6be327}.Debug|Any CPU.ActiveCfg = Debug|Any CPU
		{801721e9-6f31-fc7d-939e-0108db6be327}.Debug|Any CPU.Build.0 = Debug|Any CPU
		{801721e9-6f31-fc7d-939e-0108db6be327}.Release|Any CPU.ActiveCfg = Release|Any CPU
		{801721e9-6f31-fc7d-939e-0108db6be327}.Release|Any CPU.Build.0 = Release|Any CPU
	EndGlobalSection
	GlobalSection(SolutionProperties) = preSolution
		HideSolutionNode = FALSE
	EndGlobalSection
EndGlobal
